
Microsoft Visual Studio Solution File, Format Version 12.00
# Visual Studio Version 16
VisualStudioVersion = 16.0.29519.181
MinimumVisualStudioVersion = 10.0.40219.1
Project("{FAE04EC0-301F-11D3-BF4B-00C04F79EFBC}") = "MyAzureQueueService", "MyAzureQueueService.csproj", "{A59DDD64-5F56-4509-8EAE-B3962559BA68}"
EndProject
Global
	GlobalSection(SolutionConfigurationPlatforms) = preSolution
		Debug|Any CPU = Debug|Any CPU
		Release|Any CPU = Release|Any CPU
	EndGlobalSection
	GlobalSection(ProjectConfigurationPlatforms) = postSolution
		{A59DDD64-5F56-4509-8EAE-B3962559BA68}.Debug|Any CPU.ActiveCfg = Debug|Any CPU
		{A59DDD64-5F56-4509-8EAE-B3962559BA68}.Debug|Any CPU.Build.0 = Debug|Any CPU
		{A59DDD64-5F56-4509-8EAE-B3962559BA68}.Release|Any CPU.ActiveCfg = Release|Any CPU
		{A59DDD64-5F56-4509-8EAE-B3962559BA68}.Release|Any CPU.Build.0 = Release|Any CPU
	EndGlobalSection
	GlobalSection(SolutionProperties) = preSolution
		HideSolutionNode = FALSE
	EndGlobalSection
	GlobalSection(ExtensibilityGlobals) = postSolution
		SolutionGuid = {B4BE0873-5E55-480F-8031-66C755D641B1}
	EndGlobalSection
EndGlobal
